
Microsoft Visual Studio Solution File, Format Version 12.00
# Visual Studio Version 18
VisualStudioVersion = 18.3.11512.155
MinimumVisualStudioVersion = 10.0.40219.1
Project("{FAE04EC0-301F-11D3-BF4B-00C04F79EFBC}") = "HungarianTeacher", "HungarianTeacher\HungarianTeacher.csproj", "{1B39E8F8-A46D-4C63-AB13-8A741619E396}"
EndProject
Project("{FAE04EC0-301F-11D3-BF4B-00C04F79EFBC}") = "HungarianTeacher.Tests", "HungarianTeacher.Tests\HungarianTeacher.Tests.csproj", "{1E14A50B-022B-461C-8DDF-22910FC6CE90}"
EndProject
Global
	GlobalSection(SolutionConfigurationPlatforms) = preSolution
		Debug|Any CPU = Debug|Any CPU
		Release|Any CPU = Release|Any CPU
	EndGlobalSection
	GlobalSection(ProjectConfigurationPlatforms) = postSolution
		{1B39E8F8-A46D-4C63-AB13-8A741619E396}.Debug|Any CPU.ActiveCfg = Debug|Any CPU
		{1B39E8F8-A46D-4C63-AB13-8A741619E396}.Debug|Any CPU.Build.0 = Debug|Any CPU
		{1B39E8F8-A46D-4C63-AB13-8A741619E396}.Release|Any CPU.ActiveCfg = Release|Any CPU
		{1B39E8F8-A46D-4C63-AB13-8A741619E396}.Release|Any CPU.Build.0 = Release|Any CPU
		{1E14A50B-022B-461C-8DDF-22910FC6CE90}.Debug|Any CPU.ActiveCfg = Debug|Any CPU
		{1E14A50B-022B-461C-8DDF-22910FC6CE90}.Debug|Any CPU.Build.0 = Debug|Any CPU
		{1E14A50B-022B-461C-8DDF-22910FC6CE90}.Release|Any CPU.ActiveCfg = Release|Any CPU
		{1E14A50B-022B-461C-8DDF-22910FC6CE90}.Release|Any CPU.Build.0 = Release|Any CPU
	EndGlobalSection
	GlobalSection(SolutionProperties) = preSolution
		HideSolutionNode = FALSE
	EndGlobalSection
	GlobalSection(ExtensibilityGlobals) = postSolution
		SolutionGuid = {44FD4965-7215-4E2A-B2E5-ABE3D499C967}
	EndGlobalSection
EndGlobal
